{
  "name": "code",
  "lockfileVersion": 3,
  "requires": true,
  "packages": {
    "": {
      "dependencies": {
        "@hono/zod-openapi": "^0.16.4"
      }
    },
    "node_modules/@asteasolutions/zod-to-openapi": {
      "version": "7.2.0",
      "resolved": "https://registry.npmjs.org/@asteasolutions/zod-to-openapi/-/zod-to-openapi-7.2.0.tgz",
      "integrity": "sha512-Va+Fq1QzKkSgmiYINSp3cASFhMsbdRH/kmCk2feijhC+yNjGoC056CRqihrVFhR8MY8HOZHdlYm2Ns2lmszCiw==",
      "dependencies": {
        "openapi3-ts": "^4.1.2"
      },
      "peerDependencies": {
        "zod": "^3.20.2"
      }
    },
    "node_modules/@hono/zod-openapi": {
      "version": "0.16.4",
      "resolved": "https://registry.npmjs.org/@hono/zod-openapi/-/zod-openapi-0.16.4.tgz",
      "integrity": "sha512-mnF6GthBaKex0D5PsY/4lYNtkaGJNE38bjeUI//EUqq7Ee4TNm2su35IUiFH4HcmJp5fWYMLyOJOpjnkClzEGw==",
      "dependencies": {
        "@asteasolutions/zod-to-openapi": "^7.1.0",
        "@hono/zod-validator": "0.3.0"
      },
      "engines": {
        "node": ">=16.0.0"
      },
      "peerDependencies": {
        "hono": ">=4.3.6",
        "zod": "3.*"
      }
    },
    "node_modules/@hono/zod-validator": {
      "version": "0.3.0",
      "resolved": "https://registry.npmjs.org/@hono/zod-validator/-/zod-validator-0.3.0.tgz",
      "integrity": "sha512-7XcTk3yYyk6ldrO/VuqsroE7stvDZxHJQcpATRAyha8rUxJNBPV3+6waDrARfgEqxOVlzIadm3/6sE/dPseXgQ==",
      "peerDependencies": {
        "hono": ">=3.9.0",
        "zod": "^3.19.1"
      }
    },
    "node_modules/hono": {
      "version": "4.6.5",
      "resolved": "https://registry.npmjs.org/hono/-/hono-4.6.5.tgz",
      "integrity": "sha512-qsmN3V5fgtwdKARGLgwwHvcdLKursMd+YOt69eGpl1dUCJb8mCd7hZfyZnBYjxCegBG7qkJRQRUy2oO25yHcyQ==",
      "peer": true,
      "engines": {
        "node": ">=16.9.0"
      }
    },
    "node_modules/openapi3-ts": {
      "version": "4.4.0",
      "resolved": "https://registry.npmjs.org/openapi3-ts/-/openapi3-ts-4.4.0.tgz",
      "integrity": "sha512-9asTNB9IkKEzWMcHmVZE7Ts3kC9G7AFHfs8i7caD8HbI76gEjdkId4z/AkP83xdZsH7PLAnnbl47qZkXuxpArw==",
      "dependencies": {
        "yaml": "^2.5.0"
      }
    },
    "node_modules/yaml": {
      "version": "2.6.0",
      "resolved": "https://registry.npmjs.org/yaml/-/yaml-2.6.0.tgz",
      "integrity": "sha512-a6ae//JvKDEra2kdi1qzCyrJW/WZCgFi8ydDV+eXExl95t+5R+ijnqHJbz9tmMh8FUjx3iv2fCQ4dclAQlO2UQ==",
      "bin": {
        "yaml": "bin.mjs"
      },
      "engines": {
        "node": ">= 14"
      }
    },
    "node_modules/zod": {
      "version": "3.23.8",
      "resolved": "https://registry.npmjs.org/zod/-/zod-3.23.8.tgz",
      "integrity": "sha512-XBx9AXhXktjUqnepgTiE5flcKIYWi/rme0Eaj+5Y0lftuGBq+jyRu/md4WnuxqgP1ubdpNCsYEYPxrzVHD8d6g==",
      "peer": true,
      "funding": {
        "url": "https://github.com/sponsors/colinhacks"
      }
    }
  }
}
